{
  "version": 3,
  "mopsTomlDepsHash": "76f732514c42387a20f717190a7b4c18c0befc2930c0d0dd16538d9d81c5e516",
  "deps": {
    "core": "2.6.2"
  },
  "graph": {
    "core@2.6.2": {}
  },
  "hashes": {
    "core@2.6.2": {
      "core@2.6.2/LICENSE": "840e3d57a38a8061f55d04470fbd58b9345326fa04ea10ee42add5c6e3b2aa08",
      "core@2.6.2/NOTICE": "d62ca4ef9e2c9df064115c339013593cf0769e2b9dc78fa4b3211222541c7f83",
      "core@2.6.2/README.md": "7056d54f48ca296df871052484be93469d3a53bf3c689f80786940534c2e7646",
      "core@2.6.2/mops.toml": "dc869b85d2df9aed070b26d3a0c05aa7355c516a93d966089502ad0e44d8f44a",
      "core@2.6.2/src/Array.mo": "5d8491709620bd9551a87f59b200a3733bfae788a51183a3cd8df521a7280358",
      "core@2.6.2/src/Base64.mo": "0d70a221a21a1bfb7ad79da30271f6e1f892a4148f8c844975b108c2e052ea3f",
      "core@2.6.2/src/Blob.mo": "2276e03774079e755f30838c68fa2b3d20f1af09afd53e9f994f1dd04a31b44a",
      "core@2.6.2/src/Bool.mo": "9f23eb2aea065c9588446846f3b7c0f0e4b33ccf5825675afbb98cad2ab042ac",
      "core@2.6.2/src/CallerAttributes.mo": "7ac5ea306f7e4393a7830a1dd522583d3388b8dd4667db132ee77ba9ae131f66",
      "core@2.6.2/src/CertifiedData.mo": "d1e0561889cf2ba6dd49166e98d35b874c1ee7d5ac54251adcc9e24c2cb01788",
      "core@2.6.2/src/Char.mo": "864809c40ac907dc4f7f525769c7d4d4d66b278ad639da1d18e6201b1c60c7fc",
      "core@2.6.2/src/Cycles.mo": "9f5c1fceea47f05c43f22a1c25e8753fb7e552e36106d27bceef24b1310f4cbc",
      "core@2.6.2/src/Debug.mo": "526c3f9d94e4a682917febb7b0021831a7cc345a2aa63e2499ddeda33cf63b3e",
      "core@2.6.2/src/Error.mo": "004f5f233aaf1234b0c4011fb9975f7a975caaf11e61897996f5eaf1167d9a70",
      "core@2.6.2/src/Float.mo": "5cedfd9b42f79d6a4c5d984dd895542b70b1b23afc704486595d6247d81e2438",
      "core@2.6.2/src/Float32.mo": "f18868603519d69289e049367f12fda160480dc44bc917b911b29a8cf84cef50",
      "core@2.6.2/src/Func.mo": "82734ba207ef38e5ff6cfcf3df8315e587316df3d3cdf2803e76df982547daf7",
      "core@2.6.2/src/Int.mo": "afb421101c46dc2ab28433451b2969847c38564067b2be300d111ad393b86ad9",
      "core@2.6.2/src/Int16.mo": "a6b33d80f900e8f94bf317727fb6d4777191d0304430cd9e08af34ada00ca339",
      "core@2.6.2/src/Int32.mo": "06a69a5fdb5224b5f6184bd35c1d1bd756fc197527ca9262bd19ea3b304ebb7e",
      "core@2.6.2/src/Int64.mo": "e3c3a0355f3c0ea3c8c70d9bc6e300b19a318a71ae0e475cfe4012d0b41d0fce",
      "core@2.6.2/src/Int8.mo": "e29df82bf43aca0c657c8c1c6e77c72605cf64b774a42f267369f9001b1620b1",
      "core@2.6.2/src/InternetComputer.mo": "969951411beb5caf7d60ba6d5e906a5c70a3b466cee42e1135d1cd3d791cb3a1",
      "core@2.6.2/src/Iter.mo": "0c9b698035a925daac34b16381dfc59227117ad13e8abe4a32323340ff2497af",
      "core@2.6.2/src/List.mo": "32352b84395aef041314ec0715a1f299726d110ab8a383a3b04c67d410c1952d",
      "core@2.6.2/src/Map.mo": "dd47b29e2e877431f373195d8859bc510e841a2dd67a26bd6094359ae87b3205",
      "core@2.6.2/src/Nat.mo": "52fb40a9849674df1fcf60ca78de9761270071f5ee9c72acb23d2e216fd4eea0",
      "core@2.6.2/src/Nat16.mo": "ff3682d1b233721065d9157e4587e8cbd100b882033621d01d1b47cb67ce68fa",
      "core@2.6.2/src/Nat32.mo": "6886e8148867a10fa58f94b31cd6de84322cc274cc06b758ddc1784445648259",
      "core@2.6.2/src/Nat64.mo": "fc295f4fb2542b8777e81e7b7fc6f1624a3ee67b52db5c756664fe59a93cfdb7",
      "core@2.6.2/src/Nat8.mo": "c08a40665121fd2b26764bc1cde3ac19ee075d4416a0091ddae446d539ee94a9",
      "core@2.6.2/src/Option.mo": "8f36b84062850449bc4a36686d0d9b44d65d1e73b02ee9f1388348bedfb71139",
      "core@2.6.2/src/Order.mo": "6c21e905e1e8c2b40cd50438218230c207d0bbec0d2514779edd76f9f84a812c",
      "core@2.6.2/src/Principal.mo": "3279a8246b19429c312df62ac6b3a75b87d5010d61ae11a99af715f6a0f32fc7",
      "core@2.6.2/src/PriorityQueue.mo": "9da3d0a3db71dc8388dc07e9833fe7a591404c2aae9faf3617e0f2de7ee007ac",
      "core@2.6.2/src/Queue.mo": "3399d7b8255339e1c732fc396f666e18227b8540bdb471148307bb210cd545ea",
      "core@2.6.2/src/Random.mo": "b60f8a72134bab5f527da3c929e63f4ade612ad0799fba576c218f73cbdfad88",
      "core@2.6.2/src/Region.mo": "b64c3481db5a9dbb2d3a97941830d909a11fe99309a57a3287568420e94051ed",
      "core@2.6.2/src/Result.mo": "c5589dac636511dfb72ebd6e4abba37fe8ade3fc53e012b982d17490f81fdb6d",
      "core@2.6.2/src/Runtime.mo": "d221bd16b45cb717cb4ef4fd698fa8632a415aecbbb5a6fdc8b5cd4bc50a9e56",
      "core@2.6.2/src/Set.mo": "6ec9674e38c75cd53ab0d9d5859e25d2425509c6fe9cd002ce5d82e6f5655679",
      "core@2.6.2/src/Stack.mo": "c188967547cd644aa40a47c7e7178eb3a7a58b2527397ff08859afb0608d7064",
      "core@2.6.2/src/Text.mo": "57aea0e82985cbddc59bd13bb3528f9283941803e65479533d04284179b24c6a",
      "core@2.6.2/src/Time.mo": "aa2c5c4f2c9f175c1bd1b5733f49a2e896bb13488b6ec8ef30041b84de02e387",
      "core@2.6.2/src/Timer.mo": "428c991db49b4cd81724bb515f77bb29d45342296e2cdfbb14530d213b19f71b",
      "core@2.6.2/src/Tuples.mo": "d5eb192be7c3cd7fba85cc2083c4c5311448033be778abc9c7e8feb2df3da2e2",
      "core@2.6.2/src/Types.mo": "00dc0132996b3bb3eaf5cc4413be78ca860137ef26f5b472b0e7b3ef68f6652f",
      "core@2.6.2/src/VarArray.mo": "71012765b75edc65c027a0a9c6823bdb03af9404b11b49cc614307e3ea851e18",
      "core@2.6.2/src/WeakReference.mo": "f48c3e9a7635fcb5aea72fcede698843d4650e90f7b64add7ad3e633ee825d09",
      "core@2.6.2/src/internal/BTreeHelper.mo": "f7cf4edc038962111ab091b5ba214dc9091f35ee76f83c6a72fe1c00e7aee83f",
      "core@2.6.2/src/internal/PRNG.mo": "8a93e87baa2b12f613c82394a4a05b425e44a695bbace4ca36f9a1f78be26442",
      "core@2.6.2/src/internal/SortHelper.mo": "fff4f2eec5c59a3db13e46eeb69152bb1b98931f45cb58ac481439a0cd0d10bb",
      "core@2.6.2/src/pure/List.mo": "dfce35e644aaea4c7f43a7320a5e8ee7bcc1022b3205801dc30af3e7f04b5a4f",
      "core@2.6.2/src/pure/Map.mo": "3537759bd39ae188430b69610f1f2b22baa4dd85b2b2a0f50f26262551d3e95f",
      "core@2.6.2/src/pure/Queue.mo": "6436a3c07dcaba9df113c04b289f4f1f75599cdccf8a34b266187212e37927ed",
      "core@2.6.2/src/pure/RealTimeQueue.mo": "1a80e071b0282c608ebaa26544dea6bd747915c8023d86b7da7614febf23c7a5",
      "core@2.6.2/src/pure/Set.mo": "a5317cfdf0b4aeaa19008d4d5dc3dc744cb631fc4de0d43f2d18360e56707e0a"
    }
  }
}